# @generated - this file is auto-generated by `mise lock` https://mise.jdx.dev/dev-tools/mise-lock.html

[[tools.bun]]
version = "1.3.14"
backend = "core:bun"

[tools.bun."platforms.macos-arm64"]
url = "https://github.com/oven-sh/bun/releases/download/bun-v1.3.14/bun-darwin-aarch64.zip"

[tools.bun."platforms.macos-x64"]
url = "https://github.com/oven-sh/bun/releases/download/bun-v1.3.14/bun-darwin-x64.zip"

[tools.bun."platforms.macos-x64-baseline"]
url = "https://github.com/oven-sh/bun/releases/download/bun-v1.3.14/bun-darwin-x64-baseline.zip"

[[tools."github:can1357/oh-my-pi"]]
version = "17.2.15"
backend = "github:can1357/oh-my-pi"

[tools."github:can1357/oh-my-pi"."platforms.macos-arm64"]
checksum = "sha256:e280d25bc7ad889c87af101a8b9c8b7aa9853c373acb259eda6007a9659ac2a5"
url = "https://github.com/can1357/oh-my-pi/releases/download/v17.2.15/omp-darwin-arm64"
url_api = "https://api.github.com/repos/can1357/oh-my-pi/releases/assets/510915898"

[tools."github:can1357/oh-my-pi"."platforms.macos-x64"]
checksum = "sha256:019281f10e416bc19716c29fc8928b7278573c7a011bcaf22d15dfd39b045d03"
url = "https://github.com/can1357/oh-my-pi/releases/download/v17.2.15/omp-darwin-x64"
url_api = "https://api.github.com/repos/can1357/oh-my-pi/releases/assets/510915897"

[[tools.go]]
version = "1.26.5"
backend = "core:go"

[tools.go."platforms.macos-arm64"]
checksum = "sha256:efb87ff28af9a188d0536ef5d42e63dd52ba8263cd7344a993cc48dd11dedb6a"
url = "https://dl.google.com/go/go1.26.5.darwin-arm64.tar.gz"

[tools.go."platforms.macos-x64"]
checksum = "sha256:6231d8d3b8f5552ec6cbf6d685bdd5482e1e703214b120e89b3bf0d7bf1ef725"
url = "https://dl.google.com/go/go1.26.5.darwin-amd64.tar.gz"

[[tools.node]]
version = "24.19.0"
backend = "core:node"

[tools.node."platforms.macos-arm64"]
checksum = "sha256:8294b7aa9b03997481c06babf1e8b270c859358f27da57a11509afe537ac381d"
url = "https://nodejs.org/dist/v24.19.0/node-v24.19.0-darwin-arm64.tar.gz"

[tools.node."platforms.macos-x64"]
checksum = "sha256:d1b5e999db158c62fe8f7267a4476b035d8bd93b1a605bac24a3f0dd166e3316"
url = "https://nodejs.org/dist/v24.19.0/node-v24.19.0-darwin-x64.tar.gz"

[[tools."npm:@openai/codex"]]
version = "0.147.0"
backend = "npm:@openai/codex"

[[tools."npm:pnpm"]]
version = "11.20.0"
backend = "npm:pnpm"

[[tools.python]]
version = "3.14.6"
backend = "core:python"

[tools.python."platforms.macos-arm64"]
url = "https://github.com/astral-sh/python-build-standalone/releases/download/20260804/cpython-3.14.6+20260804-aarch64-apple-darwin-install_only_stripped.tar.gz"
provenance = "github-attestations"

[tools.python."platforms.macos-x64"]
url = "https://github.com/astral-sh/python-build-standalone/releases/download/20260804/cpython-3.14.6+20260804-x86_64-apple-darwin-install_only_stripped.tar.gz"
provenance = "github-attestations"
